<?xml version="1.0" encoding="UTF-8"?>
<Scheme
   version = "1.3">
   <BuildAction>
      <BuildActionEntries>
         <BuildActionEntry
            buildForRunning = "YES">
            <BuildableReference
               BuildableIdentifier = "primary"
               BlueprintIdentifier = "C0A00DF71F1DF85A00D5D7B1"
               BuildableName = "BlueLibrary copy.app"
               BlueprintName = "BlueLibrary copy"
               ReferencedContainer = "container:BlueLibrary.xcodeproj">
            </BuildableReference>
         </BuildActionEntry>
      </BuildActionEntries>
   </BuildAction>
   <LaunchAction
      useCustomWorkingDirectory = "NO"
      buildConfiguration = "Debug">
      <BuildableProductRunnable>
         <BuildableReference
            BuildableIdentifier = "primary"
            BlueprintIdentifier = "C0A00DF71F1DF85A00D5D7B1"
            BuildableName = "BlueLibrary copy.app"
            BlueprintName = "BlueLibrary copy"
            ReferencedContainer = "container:BlueLibrary.xcodeproj">
         </BuildableReference>
      </BuildableProductRunnable>
   </LaunchAction>
</Scheme>
